
Microsoft Visual Studio Solution File, Format Version 12.00
# Visual Studio Version 16
VisualStudioVersion = 16.0.29519.87
MinimumVisualStudioVersion = 10.0.40219.1
Project("{FAE04EC0-301F-11D3-BF4B-00C04F79EFBC}") = "Coursework", "Coursework\Coursework.csproj", "{B2D94570-1C25-4BF6-AD56-5E014615F149}"
EndProject
Global
	GlobalSection(SolutionConfigurationPlatforms) = preSolution
		Debug|Any CPU = Debug|Any CPU
		Release|Any CPU = Release|Any CPU
	EndGlobalSection
	GlobalSection(ProjectConfigurationPlatforms) = postSolution
		{B2D94570-1C25-4BF6-AD56-5E014615F149}.Debug|Any CPU.ActiveCfg = Debug|Any CPU
		{B2D94570-1C25-4BF6-AD56-5E014615F149}.Debug|Any CPU.Build.0 = Debug|Any CPU
		{B2D94570-1C25-4BF6-AD56-5E014615F149}.Release|Any CPU.ActiveCfg = Release|Any CPU
		{B2D94570-1C25-4BF6-AD56-5E014615F149}.Release|Any CPU.Build.0 = Release|Any CPU
	EndGlobalSection
	GlobalSection(SolutionProperties) = preSolution
		HideSolutionNode = FALSE
	EndGlobalSection
	GlobalSection(ExtensibilityGlobals) = postSolution
		SolutionGuid = {73D85981-6649-4A2A-9BFD-7B5B80F00604}
	EndGlobalSection
EndGlobal
